
Microsoft Visual Studio Solution File, Format Version 12.00
# Visual Studio 14
VisualStudioVersion = 14.0.25123.0
MinimumVisualStudioVersion = 10.0.40219.1
Project("{FAE04EC0-301F-11D3-BF4B-00C04F79EFBC}") = "lury-lexer", "lury-lexer\lury-lexer.csproj", "{05C9DF24-183E-43E3-B140-B6DDFD3B95FE}"
EndProject
Project("{FAE04EC0-301F-11D3-BF4B-00C04F79EFBC}") = "UnitTest", "UnitTest\UnitTest.csproj", "{16F24AC0-2BB2-493A-BB98-E54C74F0219A}"
EndProject
Project("{2150E333-8FDC-42A3-9474-1A3956D46DE8}") = "submodule", "submodule", "{3C353757-A107-439D-A01C-FAF42FE51681}"
EndProject
Project("{FAE04EC0-301F-11D3-BF4B-00C04F79EFBC}") = "Lury.Compiling", "submodule\compiler-base\Lury.Compiling\Lury.Compiling.csproj", "{0523CE8E-34D5-46F1-9408-4C957F0BB9AA}"
EndProject
Project("{FAE04EC0-301F-11D3-BF4B-00C04F79EFBC}") = "PerformanceTest", "PerformanceTest\PerformanceTest.csproj", "{4BDFF3FD-2E6E-49EC-AEE1-2B7619BC216A}"
EndProject
Project("{2150E333-8FDC-42A3-9474-1A3956D46DE8}") = "test", "test", "{40066181-E482-4360-89FB-AC84BCE871F5}"
EndProject
Project("{FAE04EC0-301F-11D3-BF4B-00C04F79EFBC}") = "IntegrationTest", "IntegrationTest\IntegrationTest.csproj", "{8E2B976D-CA8B-4432-8FF1-35210CCAEFEC}"
EndProject
Global
	GlobalSection(SolutionConfigurationPlatforms) = preSolution
		Debug|Any CPU = Debug|Any CPU
		Release|Any CPU = Release|Any CPU
	EndGlobalSection
	GlobalSection(ProjectConfigurationPlatforms) = postSolution
		{05C9DF24-183E-43E3-B140-B6DDFD3B95FE}.Debug|Any CPU.ActiveCfg = Debug|Any CPU
		{05C9DF24-183E-43E3-B140-B6DDFD3B95FE}.Debug|Any CPU.Build.0 = Debug|Any CPU
		{05C9DF24-183E-43E3-B140-B6DDFD3B95FE}.Release|Any CPU.ActiveCfg = Release|Any CPU
		{05C9DF24-183E-43E3-B140-B6DDFD3B95FE}.Release|Any CPU.Build.0 = Release|Any CPU
		{16F24AC0-2BB2-493A-BB98-E54C74F0219A}.Debug|Any CPU.ActiveCfg = Debug|Any CPU
		{16F24AC0-2BB2-493A-BB98-E54C74F0219A}.Debug|Any CPU.Build.0 = Debug|Any CPU
		{16F24AC0-2BB2-493A-BB98-E54C74F0219A}.Release|Any CPU.ActiveCfg = Release|Any CPU
		{16F24AC0-2BB2-493A-BB98-E54C74F0219A}.Release|Any CPU.Build.0 = Release|Any CPU
		{0523CE8E-34D5-46F1-9408-4C957F0BB9AA}.Debug|Any CPU.ActiveCfg = Debug|Any CPU
		{0523CE8E-34D5-46F1-9408-4C957F0BB9AA}.Debug|Any CPU.Build.0 = Debug|Any CPU
		{0523CE8E-34D5-46F1-9408-4C957F0BB9AA}.Release|Any CPU.ActiveCfg = Release|Any CPU
		{0523CE8E-34D5-46F1-9408-4C957F0BB9AA}.Release|Any CPU.Build.0 = Release|Any CPU
		{4BDFF3FD-2E6E-49EC-AEE1-2B7619BC216A}.Debug|Any CPU.ActiveCfg = Debug|Any CPU
		{4BDFF3FD-2E6E-49EC-AEE1-2B7619BC216A}.Debug|Any CPU.Build.0 = Debug|Any CPU
		{4BDFF3FD-2E6E-49EC-AEE1-2B7619BC216A}.Release|Any CPU.ActiveCfg = Release|Any CPU
		{4BDFF3FD-2E6E-49EC-AEE1-2B7619BC216A}.Release|Any CPU.Build.0 = Release|Any CPU
		{8E2B976D-CA8B-4432-8FF1-35210CCAEFEC}.Debug|Any CPU.ActiveCfg = Debug|Any CPU
		{8E2B976D-CA8B-4432-8FF1-35210CCAEFEC}.Debug|Any CPU.Build.0 = Debug|Any CPU
		{8E2B976D-CA8B-4432-8FF1-35210CCAEFEC}.Release|Any CPU.ActiveCfg = Release|Any CPU
		{8E2B976D-CA8B-4432-8FF1-35210CCAEFEC}.Release|Any CPU.Build.0 = Release|Any CPU
	EndGlobalSection
	GlobalSection(SolutionProperties) = preSolution
		HideSolutionNode = FALSE
	EndGlobalSection
	GlobalSection(NestedProjects) = preSolution
		{16F24AC0-2BB2-493A-BB98-E54C74F0219A} = {40066181-E482-4360-89FB-AC84BCE871F5}
		{0523CE8E-34D5-46F1-9408-4C957F0BB9AA} = {3C353757-A107-439D-A01C-FAF42FE51681}
		{4BDFF3FD-2E6E-49EC-AEE1-2B7619BC216A} = {40066181-E482-4360-89FB-AC84BCE871F5}
		{8E2B976D-CA8B-4432-8FF1-35210CCAEFEC} = {40066181-E482-4360-89FB-AC84BCE871F5}
	EndGlobalSection
EndGlobal
